// !$*UTF8*$!
{
	archiveVersion = 1;
	classes = {
	};
	objectVersion = 56;
	objects = {

/* Begin PBXBuildFile section */
		9A81EDA32A61202D003E1EB4 /* sampleAECApp.swift in Sources */ = {isa = PBXBuildFile; fileRef = 9A81EDA22A61202D003E1EB4 /* sampleAECApp.swift */; };
		9A81EDA52A61202D003E1EB4 /* ContentView.swift in Sources */ = {isa = PBXBuildFile; fileRef = 9A81EDA42A61202D003E1EB4 /* ContentView.swift */; };
		9A81EDA72A61202E003E1EB4 /* Assets.xcassets in Resources */ = {isa = PBXBuildFile; fileRef = 9A81EDA62A61202E003E1EB4 /* Assets.xcassets */; };
		9A81EDAA2A61202E003E1EB4 /* Preview Assets.xcassets in Resources */ = {isa = PBXBuildFile; fileRef = 9A81EDA92A61202E003E1EB4 /* Preview Assets.xcassets */; };
		9A81EDB32A61204A003E1EB4 /* AECAudioStream in Frameworks */ = {isa = PBXBuildFile; productRef = 9A81EDB22A61204A003E1EB4 /* AECAudioStream */; };
/* End PBXBuildFile section */

/* Begin PBXFileReference section */
		9A81ED9F2A61202D003E1EB4 /* sampleAEC.app */ = {isa = PBXFileReference; explicitFileType = wrapper.application; includeInIndex = 0; path = sampleAEC.app; sourceTree = BUILT_PRODUCTS_DIR; };
		9A81EDA22A61202D003E1EB4 /* sampleAECApp.swift */ = {isa = PBXFileReference; lastKnownFileType = sourcecode.swift; path = sampleAECApp.swift; sourceTree = "<group>"; };
		9A81EDA42A61202D003E1EB4 /* ContentView.swift */ = {isa = PBXFileReference; lastKnownFileType = sourcecode.swift; path = ContentView.swift; sourceTree = "<group>"; };
		9A81EDA62A61202E003E1EB4 /* Assets.xcassets */ = {isa = PBXFileReference; lastKnownFileType = folder.assetcatalog; path = Assets.xcassets; sourceTree = "<group>"; };
		9A81EDA92A61202E003E1EB4 /* Preview Assets.xcassets */ = {isa = PBXFileReference; lastKnownFileType = folder.assetcatalog; path = "Preview Assets.xcassets"; sourceTree = "<group>"; };
		9A81EDAB2A61202E003E1EB4 /* sampleAEC.entitlements */ = {isa = PBXFileReference; lastKnownFileType = text.plist.entitlements; path = sampleAEC.entitlements; sourceTree = "<group>"; };
/* End PBXFileReference section */

/* Begin PBXFrameworksBuildPhase section */
		9A81ED9C2A61202D003E1EB4 /* Frameworks */ = {
			isa = PBXFrameworksBuildPhase;
			buildActionMask = 2147483647;
			files = (
				9A81EDB32A61204A003E1EB4 /* AECAudioStream in Frameworks */,
			);
			runOnlyForDeploymentPostprocessing = 0;
		};
/* End PBXFrameworksBuildPhase section */

/* Begin PBXGroup section */
		9A81ED962A61202D003E1EB4 = {
			isa = PBXGroup;
			children = (
				9A81EDA12A61202D003E1EB4 /* sampleAEC */,
				9A81EDA02A61202D003E1EB4 /* Products */,
			);
			sourceTree = "<group>";
		};
		9A81EDA02A61202D003E1EB4 /* Products */ = {
			isa = PBXGroup;
			children = (
				9A81ED9F2A61202D003E1EB4 /* sampleAEC.app */,
			);
			name = Products;
			sourceTree = "<group>";
		};
		9A81EDA12A61202D003E1EB4 /* sampleAEC */ = {
			isa = PBXGroup;
			children = (
				9A81EDA22A61202D003E1EB4 /* sampleAECApp.swift */,
				9A81EDA42A61202D003E1EB4 /* ContentView.swift */,
				9A81EDA62A61202E003E1EB4 /* Assets.xcassets */,
				9A81EDAB2A61202E003E1EB4 /* sampleAEC.entitlements */,
				9A81EDA82A61202E003E1EB4 /* Preview Content */,
			);
			path = sampleAEC;
			sourceTree = "<group>";
		};
		9A81EDA82A61202E003E1EB4 /* Preview Content */ = {
			isa = PBXGroup;
			children = (
				9A81EDA92A61202E003E1EB4 /* Preview Assets.xcassets */,
			);
			path = "Preview Content";
			sourceTree = "<group>";
		};
/* End PBXGroup section */

/* Begin PBXNativeTarget section */
		9A81ED9E2A61202D003E1EB4 /* sampleAEC */ = {
			isa = PBXNativeTarget;
			buildConfigurationList = 9A81EDAE2A61202E003E1EB4 /* Build configuration list for PBXNativeTarget "sampleAEC" */;
			buildPhases = (
				9A81ED9B2A61202D003E1EB4 /* Sources */,
				9A81ED9C2A61202D003E1EB4 /* Frameworks */,
				9A81ED9D2A61202D003E1EB4 /* Resources */,
			);
			buildRules = (
			);
			dependencies = (
			);
			name = sampleAEC;
			packageProductDependencies = (
				9A81EDB22A61204A003E1EB4 /* AECAudioStream */,
			);
			productName = sampleAEC;
			productReference = 9A81ED9F2A61202D003E1EB4 /* sampleAEC.app */;
			productType = "com.apple.product-type.application";
		};
/* End PBXNativeTarget section */

/* Begin PBXProject section */
		9A81ED972A61202D003E1EB4 /* Project object */ = {
			isa = PBXProject;
			attributes = {
				BuildIndependentTargetsInParallel = 1;
				LastSwiftUpdateCheck = 1430;
				LastUpgradeCheck = 1430;
				TargetAttributes = {
					9A81ED9E2A61202D003E1EB4 = {
						CreatedOnToolsVersion = 14.3.1;
					};
				};
			};
			buildConfigurationList = 9A81ED9A2A61202D003E1EB4 /* Build configuration list for PBXProject "sampleAEC" */;
			compatibilityVersion = "Xcode 14.0";
			developmentRegion = en;
			hasScannedForEncodings = 0;
			knownRegions = (
				en,
				Base,
			);
			mainGroup = 9A81ED962A61202D003E1EB4;
			packageReferences = (
				9A81EDB12A61204A003E1EB4 /* XCRemoteSwiftPackageReference "AECAudioStream" */,
			);
			productRefGroup = 9A81EDA02A61202D003E1EB4 /* Products */;
			projectDirPath = "";
			projectRoot = "";
			targets = (
				9A81ED9E2A61202D003E1EB4 /* sampleAEC */,
			);
		};
/* End PBXProject section */

/* Begin PBXResourcesBuildPhase section */
		9A81ED9D2A61202D003E1EB4 /* Resources */ = {
			isa = PBXResourcesBuildPhase;
			buildActionMask = 2147483647;
			files = (
				9A81EDAA2A61202E003E1EB4 /* Preview Assets.xcassets in Resources */,
				9A81EDA72A61202E003E1EB4 /* Assets.xcassets in Resources */,
			);
			runOnlyForDeploymentPostprocessing = 0;
		};
/* End PBXResourcesBuildPhase section */

/* Begin PBXSourcesBuildPhase section */
		9A81ED9B2A61202D003E1EB4 /* Sources */ = {
			isa = PBXSourcesBuildPhase;
			buildActionMask = 2147483647;
			files = (
				9A81EDA52A61202D003E1EB4 /* ContentView.swift in Sources */,
				9A81EDA32A61202D003E1EB4 /* sampleAECApp.swift in Sources */,
			);
			runOnlyForDeploymentPostprocessing = 0;
		};
/* End PBXSourcesBuildPhase section */

/* Begin XCBuildConfiguration section */
		9A81EDAC2A61202E003E1EB4 /* Debug */ = {
			isa = XCBuildConfiguration;
			buildSettings = {
				ALWAYS_SEARCH_USER_PATHS = NO;
				CLANG_ANALYZER_NONNULL = YES;
				CLANG_ANALYZER_NUMBER_OBJECT_CONVERSION = YES_AGGRESSIVE;
				CLANG_CXX_LANGUAGE_STANDARD = "gnu++20";
				CLANG_ENABLE_MODULES = YES;
				CLANG_ENABLE_OBJC_ARC = YES;
				CLANG_ENABLE_OBJC_WEAK = YES;
				CLANG_WARN_BLOCK_CAPTURE_AUTORELEASING = YES;
				CLANG_WARN_BOOL_CONVERSION = YES;
				CLANG_WARN_COMMA = YES;
				CLANG_WARN_CONSTANT_CONVERSION = YES;
				CLANG_WARN_DEPRECATED_OBJC_IMPLEMENTATIONS = YES;
				CLANG_WARN_DIRECT_OBJC_ISA_USAGE = YES_ERROR;
				CLANG_WARN_DOCUMENTATION_COMMENTS = YES;
				CLANG_WARN_EMPTY_BODY = YES;
				CLANG_WARN_ENUM_CONVERSION = YES;
				CLANG_WARN_INFINITE_RECURSION = YES;
				CLANG_WARN_INT_CONVERSION = YES;
				CLANG_WARN_NON_LITERAL_NULL_CONVERSION = YES;
				CLANG_WARN_OBJC_IMPLICIT_RETAIN_SELF = YES;
				CLANG_WARN_OBJC_LITERAL_CONVERSION = YES;
				CLANG_WARN_OBJC_ROOT_CLASS = YES_ERROR;
				CLANG_WARN_QUOTED_INCLUDE_IN_FRAMEWORK_HEADER = YES;
				CLANG_WARN_RANGE_LOOP_ANALYSIS = YES;
				CLANG_WARN_STRICT_PROTOTYPES = YES;
				CLANG_WARN_SUSPICIOUS_MOVE = YES;
				CLANG_WARN_UNGUARDED_AVAILABILITY = YES_AGGRESSIVE;
				CLANG_WARN_UNREACHABLE_CODE = YES;
				CLANG_WARN__DUPLICATE_METHOD_MATCH = YES;
				COPY_PHASE_STRIP = NO;
				DEBUG_INFORMATION_FORMAT = dwarf;
				ENABLE_STRICT_OBJC_MSGSEND = YES;
				ENABLE_TESTABILITY = YES;
				GCC_C_LANGUAGE_STANDARD = gnu11;
				GCC_DYNAMIC_NO_PIC = NO;
				GCC_NO_COMMON_BLOCKS = YES;
				GCC_OPTIMIZATION_LEVEL = 0;
				GCC_PREPROCESSOR_DEFINITIONS = (
					"DEBUG=1",
					"$(inherited)",
				);
				GCC_WARN_64_TO_32_BIT_CONVERSION = YES;
				GCC_WARN_ABOUT_RETURN_TYPE = YES_ERROR;
				GCC_WARN_UNDECLARED_SELECTOR = YES;
				GCC_WARN_UNINITIALIZED_AUTOS = YES_AGGRESSIVE;
				GCC_WARN_UNUSED_FUNCTION = YES;
				GCC_WARN_UNUSED_VARIABLE = YES;
				MACOSX_DEPLOYMENT_TARGET = 13.3;
				MTL_ENABLE_DEBUG_INFO = INCLUDE_SOURCE;
				MTL_FAST_MATH = YES;
				ONLY_ACTIVE_ARCH = YES;
				SDKROOT = macosx;
				SWIFT_ACTIVE_COMPILATION_CONDITIONS = DEBUG;
				SWIFT_OPTIMIZATION_LEVEL = "-Onone";
			};
			name = Debug;
		};
		9A81EDAD2A61202E003E1EB4 /* Release */ = {
			isa = XCBuildConfiguration;
			buildSettings = {
				ALWAYS_SEARCH_USER_PATHS = NO;
				CLANG_ANALYZER_NONNULL = YES;
				CLANG_ANALYZER_NUMBER_OBJECT_CONVERSION = YES_AGGRESSIVE;
				CLANG_CXX_LANGUAGE_STANDARD = "gnu++20";
				CLANG_ENABLE_MODULES = YES;
				CLANG_ENABLE_OBJC_ARC = YES;
				CLANG_ENABLE_OBJC_WEAK = YES;
				CLANG_WARN_BLOCK_CAPTURE_AUTORELEASING = YES;
				CLANG_WARN_BOOL_CONVERSION = YES;
				CLANG_WARN_COMMA = YES;
				CLANG_WARN_CONSTANT_CONVERSION = YES;
				CLANG_WARN_DEPRECATED_OBJC_IMPLEMENTATIONS = YES;
				CLANG_WARN_DIRECT_OBJC_ISA_USAGE = YES_ERROR;
				CLANG_WARN_DOCUMENTATION_COMMENTS = YES;
				CLANG_WARN_EMPTY_BODY = YES;
				CLANG_WARN_ENUM_CONVERSION = YES;
				CLANG_WARN_INFINITE_RECURSION = YES;
				CLANG_WARN_INT_CONVERSION = YES;
				CLANG_WARN_NON_LITERAL_NULL_CONVERSION = YES;
				CLANG_WARN_OBJC_IMPLICIT_RETAIN_SELF = YES;
				CLANG_WARN_OBJC_LITERAL_CONVERSION = YES;
				CLANG_WARN_OBJC_ROOT_CLASS = YES_ERROR;
				CLANG_WARN_QUOTED_INCLUDE_IN_FRAMEWORK_HEADER = YES;
				CLANG_WARN_RANGE_LOOP_ANALYSIS = YES;
				CLANG_WARN_STRICT_PROTOTYPES = YES;
				CLANG_WARN_SUSPICIOUS_MOVE = YES;
				CLANG_WARN_UNGUARDED_AVAILABILITY = YES_AGGRESSIVE;
				CLANG_WARN_UNREACHABLE_CODE = YES;
				CLANG_WARN__DUPLICATE_METHOD_MATCH = YES;
				COPY_PHASE_STRIP = NO;
				DEBUG_INFORMATION_FORMAT = "dwarf-with-dsym";
				ENABLE_NS_ASSERTIONS = NO;
				ENABLE_STRICT_OBJC_MSGSEND = YES;
				GCC_C_LANGUAGE_STANDARD = gnu11;
				GCC_NO_COMMON_BLOCKS = YES;
				GCC_WARN_64_TO_32_BIT_CONVERSION = YES;
				GCC_WARN_ABOUT_RETURN_TYPE = YES_ERROR;
				GCC_WARN_UNDECLARED_SELECTOR = YES;
				GCC_WARN_UNINITIALIZED_AUTOS = YES_AGGRESSIVE;
				GCC_WARN_UNUSED_FUNCTION = YES;
				GCC_WARN_UNUSED_VARIABLE = YES;
				MACOSX_DEPLOYMENT_TARGET = 13.3;
				MTL_ENABLE_DEBUG_INFO = NO;
				MTL_FAST_MATH = YES;
				SDKROOT = macosx;
				SWIFT_COMPILATION_MODE = wholemodule;
				SWIFT_OPTIMIZATION_LEVEL = "-O";
			};
			name = Release;
		};
		9A81EDAF2A61202E003E1EB4 /* Debug */ = {
			isa = XCBuildConfiguration;
			buildSettings = {
				ASSETCATALOG_COMPILER_APPICON_NAME = AppIcon;
				ASSETCATALOG_COMPILER_GLOBAL_ACCENT_COLOR_NAME = AccentColor;
				CODE_SIGN_ENTITLEMENTS = sampleAEC/sampleAEC.entitlements;
				CODE_SIGN_STYLE = Automatic;
				COMBINE_HIDPI_IMAGES = YES;
				CURRENT_PROJECT_VERSION = 1;
				DEVELOPMENT_ASSET_PATHS = "\"sampleAEC/Preview Content\"";
				DEVELOPMENT_TEAM = T2DT6C6U3X;
				ENABLE_HARDENED_RUNTIME = YES;
				ENABLE_PREVIEWS = YES;
				GENERATE_INFOPLIST_FILE = YES;
				INFOPLIST_KEY_NSHumanReadableCopyright = "";
				LD_RUNPATH_SEARCH_PATHS = (
					"$(inherited)",
					"@executable_path/../Frameworks",
				);
				MARKETING_VERSION = 1.0;
				PRODUCT_BUNDLE_IDENTIFIER = com.cleverlearn.tokenCapture.sampleAEC;
				PRODUCT_NAME = "$(TARGET_NAME)";
				SWIFT_EMIT_LOC_STRINGS = YES;
				SWIFT_VERSION = 5.0;
			};
			name = Debug;
		};
		9A81EDB02A61202E003E1EB4 /* Release */ = {
			isa = XCBuildConfiguration;
			buildSettings = {
				ASSETCATALOG_COMPILER_APPICON_NAME = AppIcon;
				ASSETCATALOG_COMPILER_GLOBAL_ACCENT_COLOR_NAME = AccentColor;
				CODE_SIGN_ENTITLEMENTS = sampleAEC/sampleAEC.entitlements;
				CODE_SIGN_STYLE = Automatic;
				COMBINE_HIDPI_IMAGES = YES;
				CURRENT_PROJECT_VERSION = 1;
				DEVELOPMENT_ASSET_PATHS = "\"sampleAEC/Preview Content\"";
				DEVELOPMENT_TEAM = T2DT6C6U3X;
				ENABLE_HARDENED_RUNTIME = YES;
				ENABLE_PREVIEWS = YES;
				GENERATE_INFOPLIST_FILE = YES;
				INFOPLIST_KEY_NSHumanReadableCopyright = "";
				LD_RUNPATH_SEARCH_PATHS = (
					"$(inherited)",
					"@executable_path/../Frameworks",
				);
				MARKETING_VERSION = 1.0;
				PRODUCT_BUNDLE_IDENTIFIER = com.cleverlearn.tokenCapture.sampleAEC;
				PRODUCT_NAME = "$(TARGET_NAME)";
				SWIFT_EMIT_LOC_STRINGS = YES;
				SWIFT_VERSION = 5.0;
			};
			name = Release;
		};
/* End XCBuildConfiguration section */

/* Begin XCConfigurationList section */
		9A81ED9A2A61202D003E1EB4 /* Build configuration list for PBXProject "sampleAEC" */ = {
			isa = XCConfigurationList;
			buildConfigurations = (
				9A81EDAC2A61202E003E1EB4 /* Debug */,
				9A81EDAD2A61202E003E1EB4 /* Release */,
			);
			defaultConfigurationIsVisible = 0;
			defaultConfigurationName = Release;
		};
		9A81EDAE2A61202E003E1EB4 /* Build configuration list for PBXNativeTarget "sampleAEC" */ = {
			isa = XCConfigurationList;
			buildConfigurations = (
				9A81EDAF2A61202E003E1EB4 /* Debug */,
				9A81EDB02A61202E003E1EB4 /* Release */,
			);
			defaultConfigurationIsVisible = 0;
			defaultConfigurationName = Release;
		};
/* End XCConfigurationList section */

/* Begin XCRemoteSwiftPackageReference section */
		9A81EDB12A61204A003E1EB4 /* XCRemoteSwiftPackageReference "AECAudioStream" */ = {
			isa = XCRemoteSwiftPackageReference;
			repositoryURL = "https://github.com/kasimok/AECAudioStream";
			requirement = {
				kind = upToNextMajorVersion;
				minimumVersion = 1.0.0;
			};
		};
/* End XCRemoteSwiftPackageReference section */

/* Begin XCSwiftPackageProductDependency section */
		9A81EDB22A61204A003E1EB4 /* AECAudioStream */ = {
			isa = XCSwiftPackageProductDependency;
			package = 9A81EDB12A61204A003E1EB4 /* XCRemoteSwiftPackageReference "AECAudioStream" */;
			productName = AECAudioStream;
		};
/* End XCSwiftPackageProductDependency section */
	};
	rootObject = 9A81ED972A61202D003E1EB4 /* Project object */;
}
